
Microsoft Visual Studio Solution File, Format Version 12.00
# Visual Studio Version 17
VisualStudioVersion = 17.0.31903.59
MinimumVisualStudioVersion = 10.0.40219.1
Project("{2150E333-8FDC-42A3-9474-1A3956D46DE8}") = "src", "src", "{A1B2C3D4-0001-0001-0001-000000000001}"
EndProject
Project("{2150E333-8FDC-42A3-9474-1A3956D46DE8}") = "tests", "tests", "{A1B2C3D4-0002-0002-0002-000000000002}"
EndProject
Project("{FAE04EC0-301F-11D3-BF4B-00C04F79EFBC}") = "Diger.TramitesEstado.Domain", "src\Domain\Diger.TramitesEstado.Domain.csproj", "{A1B2C3D4-1001-1001-1001-000000000010}"
EndProject
Project("{FAE04EC0-301F-11D3-BF4B-00C04F79EFBC}") = "Diger.TramitesEstado.Application", "src\Application\Diger.TramitesEstado.Application.csproj", "{A1B2C3D4-1002-1002-1002-000000000020}"
EndProject
Project("{FAE04EC0-301F-11D3-BF4B-00C04F79EFBC}") = "Diger.TramitesEstado.Infrastructure", "src\Infrastructure\Diger.TramitesEstado.Infrastructure.csproj", "{A1B2C3D4-1003-1003-1003-000000000030}"
EndProject
Project("{FAE04EC0-301F-11D3-BF4B-00C04F79EFBC}") = "Diger.TramitesEstado.Presentation", "src\Presentation\Diger.TramitesEstado.Presentation.csproj", "{A1B2C3D4-1004-1004-1004-000000000040}"
EndProject
Project("{FAE04EC0-301F-11D3-BF4B-00C04F79EFBC}") = "Diger.TramitesEstado.Web", "src\Web\Diger.TramitesEstado.Web.csproj", "{A1B2C3D4-1005-1005-1005-000000000050}"
EndProject
Project("{FAE04EC0-301F-11D3-BF4B-00C04F79EFBC}") = "Diger.TramitesEstado.Domain.Tests", "tests\Domain.Tests\Diger.TramitesEstado.Domain.Tests.csproj", "{A1B2C3D4-2001-2001-2001-000000000050}"
EndProject
Project("{FAE04EC0-301F-11D3-BF4B-00C04F79EFBC}") = "Diger.TramitesEstado.Application.Tests", "tests\Application.Tests\Diger.TramitesEstado.Application.Tests.csproj", "{A1B2C3D4-2002-2002-2002-000000000060}"
EndProject
Project("{2150E333-8FDC-42A3-9474-1A3956D46DE8}") = "Web.Tests", "Web.Tests", "{94E9DF73-7DBF-075D-093E-50E397B42973}"
EndProject
Project("{FAE04EC0-301F-11D3-BF4B-00C04F79EFBC}") = "Diger.TramitesEstado.Web.Tests", "tests\Web.Tests\Diger.TramitesEstado.Web.Tests.csproj", "{A6896295-E06E-4183-85AD-CF3F5DFC849F}"
EndProject
Project("{2150E333-8FDC-42A3-9474-1A3956D46DE8}") = "Web", "Web", "{7A9DC31B-48DE-C68F-0375-757225B93DB9}"
EndProject
Global
	GlobalSection(SolutionConfigurationPlatforms) = preSolution
		Debug|Any CPU = Debug|Any CPU
		Debug|x64 = Debug|x64
		Debug|x86 = Debug|x86
		Release|Any CPU = Release|Any CPU
		Release|x64 = Release|x64
		Release|x86 = Release|x86
	EndGlobalSection
	GlobalSection(ProjectConfigurationPlatforms) = postSolution
		{A1B2C3D4-1001-1001-1001-000000000010}.Debug|Any CPU.ActiveCfg = Debug|Any CPU
		{A1B2C3D4-1001-1001-1001-000000000010}.Debug|Any CPU.Build.0 = Debug|Any CPU
		{A1B2C3D4-1001-1001-1001-000000000010}.Debug|x64.ActiveCfg = Debug|Any CPU
		{A1B2C3D4-1001-1001-1001-000000000010}.Debug|x64.Build.0 = Debug|Any CPU
		{A1B2C3D4-1001-1001-1001-000000000010}.Debug|x86.ActiveCfg = Debug|Any CPU
		{A1B2C3D4-1001-1001-1001-000000000010}.Debug|x86.Build.0 = Debug|Any CPU
		{A1B2C3D4-1001-1001-1001-000000000010}.Release|Any CPU.ActiveCfg = Release|Any CPU
		{A1B2C3D4-1001-1001-1001-000000000010}.Release|Any CPU.Build.0 = Release|Any CPU
		{A1B2C3D4-1001-1001-1001-000000000010}.Release|x64.ActiveCfg = Release|Any CPU
		{A1B2C3D4-1001-1001-1001-000000000010}.Release|x64.Build.0 = Release|Any CPU
		{A1B2C3D4-1001-1001-1001-000000000010}.Release|x86.ActiveCfg = Release|Any CPU
		{A1B2C3D4-1001-1001-1001-000000000010}.Release|x86.Build.0 = Release|Any CPU
		{A1B2C3D4-1002-1002-1002-000000000020}.Debug|Any CPU.ActiveCfg = Debug|Any CPU
		{A1B2C3D4-1002-1002-1002-000000000020}.Debug|Any CPU.Build.0 = Debug|Any CPU
		{A1B2C3D4-1002-1002-1002-000000000020}.Debug|x64.ActiveCfg = Debug|Any CPU
		{A1B2C3D4-1002-1002-1002-000000000020}.Debug|x64.Build.0 = Debug|Any CPU
		{A1B2C3D4-1002-1002-1002-000000000020}.Debug|x86.ActiveCfg = Debug|Any CPU
		{A1B2C3D4-1002-1002-1002-000000000020}.Debug|x86.Build.0 = Debug|Any CPU
		{A1B2C3D4-1002-1002-1002-000000000020}.Release|Any CPU.ActiveCfg = Release|Any CPU
		{A1B2C3D4-1002-1002-1002-000000000020}.Release|Any CPU.Build.0 = Release|Any CPU
		{A1B2C3D4-1002-1002-1002-000000000020}.Release|x64.ActiveCfg = Release|Any CPU
		{A1B2C3D4-1002-1002-1002-000000000020}.Release|x64.Build.0 = Release|Any CPU
		{A1B2C3D4-1002-1002-1002-000000000020}.Release|x86.ActiveCfg = Release|Any CPU
		{A1B2C3D4-1002-1002-1002-000000000020}.Release|x86.Build.0 = Release|Any CPU
		{A1B2C3D4-1003-1003-1003-000000000030}.Debug|Any CPU.ActiveCfg = Debug|Any CPU
		{A1B2C3D4-1003-1003-1003-000000000030}.Debug|Any CPU.Build.0 = Debug|Any CPU
		{A1B2C3D4-1003-1003-1003-000000000030}.Debug|x64.ActiveCfg = Debug|Any CPU
		{A1B2C3D4-1003-1003-1003-000000000030}.Debug|x64.Build.0 = Debug|Any CPU
		{A1B2C3D4-1003-1003-1003-000000000030}.Debug|x86.ActiveCfg = Debug|Any CPU
		{A1B2C3D4-1003-1003-1003-000000000030}.Debug|x86.Build.0 = Debug|Any CPU
		{A1B2C3D4-1003-1003-1003-000000000030}.Release|Any CPU.ActiveCfg = Release|Any CPU
		{A1B2C3D4-1003-1003-1003-000000000030}.Release|Any CPU.Build.0 = Release|Any CPU
		{A1B2C3D4-1003-1003-1003-000000000030}.Release|x64.ActiveCfg = Release|Any CPU
		{A1B2C3D4-1003-1003-1003-000000000030}.Release|x64.Build.0 = Release|Any CPU
		{A1B2C3D4-1003-1003-1003-000000000030}.Release|x86.ActiveCfg = Release|Any CPU
		{A1B2C3D4-1003-1003-1003-000000000030}.Release|x86.Build.0 = Release|Any CPU
		{A1B2C3D4-1004-1004-1004-000000000040}.Debug|Any CPU.ActiveCfg = Debug|Any CPU
		{A1B2C3D4-1004-1004-1004-000000000040}.Debug|Any CPU.Build.0 = Debug|Any CPU
		{A1B2C3D4-1004-1004-1004-000000000040}.Debug|x64.ActiveCfg = Debug|Any CPU
		{A1B2C3D4-1004-1004-1004-000000000040}.Debug|x64.Build.0 = Debug|Any CPU
		{A1B2C3D4-1004-1004-1004-000000000040}.Debug|x86.ActiveCfg = Debug|Any CPU
		{A1B2C3D4-1004-1004-1004-000000000040}.Debug|x86.Build.0 = Debug|Any CPU
		{A1B2C3D4-1004-1004-1004-000000000040}.Release|Any CPU.ActiveCfg = Release|Any CPU
		{A1B2C3D4-1004-1004-1004-000000000040}.Release|Any CPU.Build.0 = Release|Any CPU
		{A1B2C3D4-1004-1004-1004-000000000040}.Release|x64.ActiveCfg = Release|Any CPU
		{A1B2C3D4-1004-1004-1004-000000000040}.Release|x64.Build.0 = Release|Any CPU
		{A1B2C3D4-1004-1004-1004-000000000040}.Release|x86.ActiveCfg = Release|Any CPU
		{A1B2C3D4-1004-1004-1004-000000000040}.Release|x86.Build.0 = Release|Any CPU
		{A1B2C3D4-1005-1005-1005-000000000050}.Debug|Any CPU.ActiveCfg = Debug|Any CPU
		{A1B2C3D4-1005-1005-1005-000000000050}.Debug|Any CPU.Build.0 = Debug|Any CPU
		{A1B2C3D4-1005-1005-1005-000000000050}.Debug|x64.ActiveCfg = Debug|Any CPU
		{A1B2C3D4-1005-1005-1005-000000000050}.Debug|x64.Build.0 = Debug|Any CPU
		{A1B2C3D4-1005-1005-1005-000000000050}.Debug|x86.ActiveCfg = Debug|Any CPU
		{A1B2C3D4-1005-1005-1005-000000000050}.Debug|x86.Build.0 = Debug|Any CPU
		{A1B2C3D4-1005-1005-1005-000000000050}.Release|Any CPU.ActiveCfg = Release|Any CPU
		{A1B2C3D4-1005-1005-1005-000000000050}.Release|Any CPU.Build.0 = Release|Any CPU
		{A1B2C3D4-1005-1005-1005-000000000050}.Release|x64.ActiveCfg = Release|Any CPU
		{A1B2C3D4-1005-1005-1005-000000000050}.Release|x64.Build.0 = Release|Any CPU
		{A1B2C3D4-1005-1005-1005-000000000050}.Release|x86.ActiveCfg = Release|Any CPU
		{A1B2C3D4-1005-1005-1005-000000000050}.Release|x86.Build.0 = Release|Any CPU
		{A1B2C3D4-2001-2001-2001-000000000050}.Debug|Any CPU.ActiveCfg = Debug|Any CPU
		{A1B2C3D4-2001-2001-2001-000000000050}.Debug|Any CPU.Build.0 = Debug|Any CPU
		{A1B2C3D4-2001-2001-2001-000000000050}.Debug|x64.ActiveCfg = Debug|Any CPU
		{A1B2C3D4-2001-2001-2001-000000000050}.Debug|x64.Build.0 = Debug|Any CPU
		{A1B2C3D4-2001-2001-2001-000000000050}.Debug|x86.ActiveCfg = Debug|Any CPU
		{A1B2C3D4-2001-2001-2001-000000000050}.Debug|x86.Build.0 = Debug|Any CPU
		{A1B2C3D4-2001-2001-2001-000000000050}.Release|Any CPU.ActiveCfg = Release|Any CPU
		{A1B2C3D4-2001-2001-2001-000000000050}.Release|Any CPU.Build.0 = Release|Any CPU
		{A1B2C3D4-2001-2001-2001-000000000050}.Release|x64.ActiveCfg = Release|Any CPU
		{A1B2C3D4-2001-2001-2001-000000000050}.Release|x64.Build.0 = Release|Any CPU
		{A1B2C3D4-2001-2001-2001-000000000050}.Release|x86.ActiveCfg = Release|Any CPU
		{A1B2C3D4-2001-2001-2001-000000000050}.Release|x86.Build.0 = Release|Any CPU
		{A1B2C3D4-2002-2002-2002-000000000060}.Debug|Any CPU.ActiveCfg = Debug|Any CPU
		{A1B2C3D4-2002-2002-2002-000000000060}.Debug|Any CPU.Build.0 = Debug|Any CPU
		{A1B2C3D4-2002-2002-2002-000000000060}.Debug|x64.ActiveCfg = Debug|Any CPU
		{A1B2C3D4-2002-2002-2002-000000000060}.Debug|x64.Build.0 = Debug|Any CPU
		{A1B2C3D4-2002-2002-2002-000000000060}.Debug|x86.ActiveCfg = Debug|Any CPU
		{A1B2C3D4-2002-2002-2002-000000000060}.Debug|x86.Build.0 = Debug|Any CPU
		{A1B2C3D4-2002-2002-2002-000000000060}.Release|Any CPU.ActiveCfg = Release|Any CPU
		{A1B2C3D4-2002-2002-2002-000000000060}.Release|Any CPU.Build.0 = Release|Any CPU
		{A1B2C3D4-2002-2002-2002-000000000060}.Release|x64.ActiveCfg = Release|Any CPU
		{A1B2C3D4-2002-2002-2002-000000000060}.Release|x64.Build.0 = Release|Any CPU
		{A1B2C3D4-2002-2002-2002-000000000060}.Release|x86.ActiveCfg = Release|Any CPU
		{A1B2C3D4-2002-2002-2002-000000000060}.Release|x86.Build.0 = Release|Any CPU
		{A6896295-E06E-4183-85AD-CF3F5DFC849F}.Debug|Any CPU.ActiveCfg = Debug|Any CPU
		{A6896295-E06E-4183-85AD-CF3F5DFC849F}.Debug|Any CPU.Build.0 = Debug|Any CPU
		{A6896295-E06E-4183-85AD-CF3F5DFC849F}.Debug|x64.ActiveCfg = Debug|Any CPU
		{A6896295-E06E-4183-85AD-CF3F5DFC849F}.Debug|x64.Build.0 = Debug|Any CPU
		{A6896295-E06E-4183-85AD-CF3F5DFC849F}.Debug|x86.ActiveCfg = Debug|Any CPU
		{A6896295-E06E-4183-85AD-CF3F5DFC849F}.Debug|x86.Build.0 = Debug|Any CPU
		{A6896295-E06E-4183-85AD-CF3F5DFC849F}.Release|Any CPU.ActiveCfg = Release|Any CPU
		{A6896295-E06E-4183-85AD-CF3F5DFC849F}.Release|Any CPU.Build.0 = Release|Any CPU
		{A6896295-E06E-4183-85AD-CF3F5DFC849F}.Release|x64.ActiveCfg = Release|Any CPU
		{A6896295-E06E-4183-85AD-CF3F5DFC849F}.Release|x64.Build.0 = Release|Any CPU
		{A6896295-E06E-4183-85AD-CF3F5DFC849F}.Release|x86.ActiveCfg = Release|Any CPU
		{A6896295-E06E-4183-85AD-CF3F5DFC849F}.Release|x86.Build.0 = Release|Any CPU
	EndGlobalSection
	GlobalSection(SolutionProperties) = preSolution
		HideSolutionNode = FALSE
	EndGlobalSection
	GlobalSection(NestedProjects) = preSolution
		{A1B2C3D4-1001-1001-1001-000000000010} = {A1B2C3D4-0001-0001-0001-000000000001}
		{A1B2C3D4-1002-1002-1002-000000000020} = {A1B2C3D4-0001-0001-0001-000000000001}
		{A1B2C3D4-1003-1003-1003-000000000030} = {A1B2C3D4-0001-0001-0001-000000000001}
		{A1B2C3D4-1004-1004-1004-000000000040} = {A1B2C3D4-0001-0001-0001-000000000001}
		{A1B2C3D4-1005-1005-1005-000000000050} = {A1B2C3D4-0001-0001-0001-000000000001}
		{A1B2C3D4-2001-2001-2001-000000000050} = {A1B2C3D4-0002-0002-0002-000000000002}
		{A1B2C3D4-2002-2002-2002-000000000060} = {A1B2C3D4-0002-0002-0002-000000000002}
		{94E9DF73-7DBF-075D-093E-50E397B42973} = {A1B2C3D4-0002-0002-0002-000000000002}
		{A6896295-E06E-4183-85AD-CF3F5DFC849F} = {94E9DF73-7DBF-075D-093E-50E397B42973}
		{7A9DC31B-48DE-C68F-0375-757225B93DB9} = {A1B2C3D4-0001-0001-0001-000000000001}
	EndGlobalSection
	GlobalSection(ExtensibilityGlobals) = postSolution
		SolutionGuid = {33C28830-8D14-4EBA-882F-C743BE7E0F2E}
	EndGlobalSection
EndGlobal
